# This file was autogenerated by Stack.
# You should not edit this file by hand.
# For more information, please see the documentation at:
#   https://docs.haskellstack.org/en/stable/topics/lock_files

packages:
- completed:
    hackage: unordered-containers-0.2.21@sha256:c5de1fb3377ed3c5f4cd851a771d1acc5c37d2f6bef0a499295c0e8857da5605,3987
    pantry-tree:
      sha256: e60c9f5dcacee1c8230534bc7d29224015341c956b63464fb7884a6de8b3614d
      size: 1779
  original:
    hackage: unordered-containers-0.2.21@sha256:c5de1fb3377ed3c5f4cd851a771d1acc5c37d2f6bef0a499295c0e8857da5605,3987
snapshots:
- completed:
    sha256: a6882445afe04fd38791656e3667b491d92b9c27bcf18cda7e01c73016e828ee
    size: 728959
    url: https://raw.githubusercontent.com/commercialhaskell/stackage-snapshots/master/lts/24/36.yaml
  original:
    url: https://raw.githubusercontent.com/commercialhaskell/stackage-snapshots/master/lts/24/36.yaml
